
Microsoft Visual Studio Solution File, Format Version 12.00
# Visual Studio Version 16
VisualStudioVersion = 16.0.29102.190
MinimumVisualStudioVersion = 10.0.40219.1
Project("{FAE04EC0-301F-11D3-BF4B-00C04F79EFBC}") = "MyController", "MyController\MyController.csproj", "{5E2D945A-62B4-46CB-ABE7-864A7560F095}"
EndProject
Project("{FAE04EC0-301F-11D3-BF4B-00C04F79EFBC}") = "MyBusinessDomain", "MyBusinessDomain\MyBusinessDomain.csproj", "{CE46491E-D491-4302-AC67-AE3B5CCA26EA}"
EndProject
Project("{FAE04EC0-301F-11D3-BF4B-00C04F79EFBC}") = "MyDataAccess", "MyDataAccess\MyDataAccess.csproj", "{E4D6F35F-6CAB-42EE-8E2D-6DBEF288FF28}"
EndProject
Project("{FAE04EC0-301F-11D3-BF4B-00C04F79EFBC}") = "MyModels", "MyModels\MyModels.csproj", "{CF2E341C-725E-4BA0-8D01-98999053676C}"
EndProject
Global
	GlobalSection(SolutionConfigurationPlatforms) = preSolution
		Debug|Any CPU = Debug|Any CPU
		Release|Any CPU = Release|Any CPU
	EndGlobalSection
	GlobalSection(ProjectConfigurationPlatforms) = postSolution
		{5E2D945A-62B4-46CB-ABE7-864A7560F095}.Debug|Any CPU.ActiveCfg = Debug|Any CPU
		{5E2D945A-62B4-46CB-ABE7-864A7560F095}.Debug|Any CPU.Build.0 = Debug|Any CPU
		{5E2D945A-62B4-46CB-ABE7-864A7560F095}.Release|Any CPU.ActiveCfg = Release|Any CPU
		{5E2D945A-62B4-46CB-ABE7-864A7560F095}.Release|Any CPU.Build.0 = Release|Any CPU
		{CE46491E-D491-4302-AC67-AE3B5CCA26EA}.Debug|Any CPU.ActiveCfg = Debug|Any CPU
		{CE46491E-D491-4302-AC67-AE3B5CCA26EA}.Debug|Any CPU.Build.0 = Debug|Any CPU
		{CE46491E-D491-4302-AC67-AE3B5CCA26EA}.Release|Any CPU.ActiveCfg = Release|Any CPU
		{CE46491E-D491-4302-AC67-AE3B5CCA26EA}.Release|Any CPU.Build.0 = Release|Any CPU
		{E4D6F35F-6CAB-42EE-8E2D-6DBEF288FF28}.Debug|Any CPU.ActiveCfg = Debug|Any CPU
		{E4D6F35F-6CAB-42EE-8E2D-6DBEF288FF28}.Debug|Any CPU.Build.0 = Debug|Any CPU
		{E4D6F35F-6CAB-42EE-8E2D-6DBEF288FF28}.Release|Any CPU.ActiveCfg = Release|Any CPU
		{E4D6F35F-6CAB-42EE-8E2D-6DBEF288FF28}.Release|Any CPU.Build.0 = Release|Any CPU
		{CF2E341C-725E-4BA0-8D01-98999053676C}.Debug|Any CPU.ActiveCfg = Debug|Any CPU
		{CF2E341C-725E-4BA0-8D01-98999053676C}.Debug|Any CPU.Build.0 = Debug|Any CPU
		{CF2E341C-725E-4BA0-8D01-98999053676C}.Release|Any CPU.ActiveCfg = Release|Any CPU
		{CF2E341C-725E-4BA0-8D01-98999053676C}.Release|Any CPU.Build.0 = Release|Any CPU
	EndGlobalSection
	GlobalSection(SolutionProperties) = preSolution
		HideSolutionNode = FALSE
	EndGlobalSection
	GlobalSection(ExtensibilityGlobals) = postSolution
		EnterpriseLibraryConfigurationToolBinariesPath = packages\Unity.2.1.505.0\lib\NET35
		SolutionGuid = {8BB053B0-B261-457F-835C-F72EAC843EB9}
	EndGlobalSection
EndGlobal
